PODS:
  - yixiaojichunqiuCalendar (0.1.1)

DEPENDENCIES:
  - "yixiaojichunqiuCalendar (from `/Users/yixiaojichunqiu/Desktop/study/2017/2017.12/2017.12.8私有库pod/备份/yixiaojichunqiuCalendar/yixiaojichunqiuCalendar.podspec`)"

EXTERNAL SOURCES:
  yixiaojichunqiuCalendar:
    :podspec: "/Users/yixiaojichunqiu/Desktop/study/2017/2017.12/2017.12.8私有库pod/备份/yixiaojichunqiuCalendar/yixiaojichunqiuCalendar.podspec"

SPEC CHECKSUMS:
  yixiaojichunqiuCalendar: 680926086e5c8bbb368d3ce548ed4a2e19e7575a

PODFILE CHECKSUM: 079fb1480c7ef1f7411cbc32c8ac4a2f9435ce9f

COCOAPODS: 1.6.1
